{
  "name": "microtube",
  "version": "1.0.0",
  "lockfileVersion": 1,
  "requires": true,
  "dependencies": {
    "axios": {
      "version": "0.21.4",
      "resolved": "https://registry.npmjs.org/axios/-/axios-0.21.4.tgz",
      "integrity": "sha512-ut5vewkiu8jjGBdqpM44XxjuCjq9LAKeHVmoVfHVzy8eHgxxq8SbAVQNovDA8mVi05kP0Ea/n/UzcSHcTJQfNg==",
      "requires": {
        "follow-redirects": "^1.14.0"
      }
    },
    "follow-redirects": {
      "version": "1.14.9",
      "resolved": "https://registry.npmjs.org/follow-redirects/-/follow-redirects-1.14.9.tgz",
      "integrity": "sha512-MQDfihBQYMcyy5dhRDJUHcw7lb2Pv/TuE6xP1vyraLukNDHKbDxDNaOE3NbCAdKQApno+GPRyo1YAp89yCjK4w=="
    },
    "m3u8stream": {
      "version": "0.8.6",
      "resolved": "https://registry.npmjs.org/m3u8stream/-/m3u8stream-0.8.6.tgz",
      "integrity": "sha512-LZj8kIVf9KCphiHmH7sbFQTVe4tOemb202fWwvJwR9W5ENW/1hxJN6ksAWGhQgSBSa3jyWhnjKU1Fw1GaOdbyA==",
      "requires": {
        "miniget": "^4.2.2",
        "sax": "^1.2.4"
      }
    },
    "miniget": {
      "version": "4.2.2",
      "resolved": "https://registry.npmjs.org/miniget/-/miniget-4.2.2.tgz",
      "integrity": "sha512-a7voNL1N5lDMxvTMExOkg+Fq89jM2vY8pAi9ZEWzZtfNmdfP6RXkvUtFnCAXoCv2T9k1v/fUJVaAEuepGcvLYA=="
    },
    "querystring": {
      "version": "0.2.1",
      "resolved": "https://registry.npmjs.org/querystring/-/querystring-0.2.1.tgz",
      "integrity": "sha512-wkvS7mL/JMugcup3/rMitHmd9ecIGd2lhFhK9N3UUQ450h66d1r3Y9nvXzQAW1Lq+wyx61k/1pfKS5KuKiyEbg=="
    },
    "sax": {
      "version": "1.2.4",
      "resolved": "https://registry.npmjs.org/sax/-/sax-1.2.4.tgz",
      "integrity": "sha512-NqVDv9TpANUjFm0N8uM5GxL36UgKi9/atZw+x7YFnQ8ckwFGKrl4xX4yWtrey3UJm5nP1kUbnYgLopqWNSRhWw=="
    },
    "yt-channel-info": {
      "version": "1.3.0",
      "resolved": "https://registry.npmjs.org/yt-channel-info/-/yt-channel-info-1.3.0.tgz",
      "integrity": "sha512-75ML9snDZhXSkaczR3mgcq6EyI2jjPYzjXcz5TV9C9gSRkhCv2gxVhJVPXfeUQuAa0YGySE3F1V0Yz2HyY3zfg==",
      "requires": {
        "axios": "^0.21.1",
        "querystring": "^0.2.0"
      }
    },
    "yt-trending-scraper": {
      "version": "2.0.1",
      "resolved": "https://registry.npmjs.org/yt-trending-scraper/-/yt-trending-scraper-2.0.1.tgz",
      "integrity": "sha512-VTgIfVbRTMWUFn6Ir/XtEF2MBaYUU2JeaZxCtshfiyPI9yrOutp4A/0L755nl7Ip3Cigp8EW159/JH+z7Is7Jg==",
      "requires": {
        "axios": "^0.21.1"
      }
    },
    "ytdl-core": {
      "version": "4.11.0",
      "resolved": "https://registry.npmjs.org/ytdl-core/-/ytdl-core-4.11.0.tgz",
      "integrity": "sha512-Q3hCLiUA9AOGQXzPvno14GN+HgF9wsO1ZBHlj0COTcyxjIyFpWvMfii0UC4/cAbVaIjEdbWB71GdcGuc4J1Lmw==",
      "requires": {
        "m3u8stream": "^0.8.6",
        "miniget": "^4.2.2",
        "sax": "^1.1.3"
      }
    },
    "ytpl": {
      "version": "2.3.0",
      "resolved": "https://registry.npmjs.org/ytpl/-/ytpl-2.3.0.tgz",
      "integrity": "sha512-Cfw2rxq3PFK6qgWr2Z8gsRefVahEzbn9XEuiJldqdXHE6GhO7kTfEvbZKdfXing1SmgW635uJ/UL2g8r0fvu2Q==",
      "requires": {
        "miniget": "^4.2.2"
      }
    },
    "ytsr": {
      "version": "3.6.0",
      "resolved": "https://registry.npmjs.org/ytsr/-/ytsr-3.6.0.tgz",
      "integrity": "sha512-3fN8lxL+JHtp2xEZoAK3AeTjNm5WB4MH6n2OxHNxP06xQtuO5khbLwh6IJGiZRNi/v3de+jYYbctp2pUqNT/Qw==",
      "requires": {
        "miniget": "^4.2.1"
      }
    }
  }
}
