{
  "name": "microtube",
  "version": "1.0.0",
  "lockfileVersion": 1,
  "requires": true,
  "dependencies": {
    "axios": {
      "version": "0.21.1",
      "resolved": "https://registry.npmjs.org/axios/-/axios-0.21.1.tgz",
      "integrity": "sha512-dKQiRHxGD9PPRIUNIWvZhPTPpl1rf/OxTYKsqKUDjBwYylTvV7SjSHJb9ratfyzM6wCdLCOYLzs73qpg5c4iGA==",
      "requires": {
        "follow-redirects": "^1.10.0"
      }
    },
    "follow-redirects": {
      "version": "1.14.7",
      "resolved": "https://registry.npmjs.org/follow-redirects/-/follow-redirects-1.14.7.tgz",
      "integrity": "sha512-+hbxoLbFMbRKDwohX8GkTataGqO6Jb7jGwpAlwgy2bIz25XtRm7KEzJM76R1WiNT5SwZkX4Y75SwBolkpmE7iQ=="
    },
    "m3u8stream": {
      "version": "0.8.3",
      "resolved": "https://registry.npmjs.org/m3u8stream/-/m3u8stream-0.8.3.tgz",
      "integrity": "sha512-0nAcdrF8YJKUkb6PzWdvGftTPyCVWgoiot1AkNVbPKTeIGsWs6DrOjifrJ0Zi8WQfQmD2SuVCjkYIOip12igng==",
      "requires": {
        "miniget": "^4.0.0",
        "sax": "^1.2.4"
      }
    },
    "miniget": {
      "version": "4.2.0",
      "resolved": "https://registry.npmjs.org/miniget/-/miniget-4.2.0.tgz",
      "integrity": "sha512-IzTOaNgBw/qEpzkPTE7X2cUVXQfSKbG8w52Emi93zb+Zya2ZFrbmavpixzebuDJD9Ku4ecbaFlC7Y1cEESzQtQ=="
    },
    "querystring": {
      "version": "0.2.1",
      "resolved": "https://registry.npmjs.org/querystring/-/querystring-0.2.1.tgz",
      "integrity": "sha512-wkvS7mL/JMugcup3/rMitHmd9ecIGd2lhFhK9N3UUQ450h66d1r3Y9nvXzQAW1Lq+wyx61k/1pfKS5KuKiyEbg=="
    },
    "sax": {
      "version": "1.2.4",
      "resolved": "https://registry.npmjs.org/sax/-/sax-1.2.4.tgz",
      "integrity": "sha512-NqVDv9TpANUjFm0N8uM5GxL36UgKi9/atZw+x7YFnQ8ckwFGKrl4xX4yWtrey3UJm5nP1kUbnYgLopqWNSRhWw=="
    },
    "yt-channel-info": {
      "version": "1.2.2",
      "resolved": "https://registry.npmjs.org/yt-channel-info/-/yt-channel-info-1.2.2.tgz",
      "integrity": "sha512-nhexkiT1GYE8Oeo3vjSmUyT9Z1ymwc6XD9BAddUPIJJRhVpVytxefMhiysAmgo4QSie8It4aNZDaqpT43s+2wA==",
      "requires": {
        "axios": "^0.21.1",
        "querystring": "^0.2.0"
      }
    },
    "ytdl-core": {
      "version": "4.5.0",
      "resolved": "https://registry.npmjs.org/ytdl-core/-/ytdl-core-4.5.0.tgz",
      "integrity": "sha512-e8r6skrakWNixsVlNPBMoRM1HrdW1swE97If9nenDUjF65uogYk4DvxIuqlmqRfBWKe+6aIZwqedNxUU9XLYJA==",
      "requires": {
        "m3u8stream": "^0.8.3",
        "miniget": "^4.0.0",
        "sax": "^1.1.3"
      }
    },
    "ytpl": {
      "version": "2.0.5",
      "resolved": "https://registry.npmjs.org/ytpl/-/ytpl-2.0.5.tgz",
      "integrity": "sha512-8hc+f3pijaogj1yoZTCGImMDS4x0ogFPDsx1PefNQ+2EAhJMm1K4brcYT9zpJhPi9SXh+O103pEIHDw3+dAhxA==",
      "requires": {
        "miniget": "^4.1.0"
      }
    },
    "ytsr": {
      "version": "3.3.1",
      "resolved": "https://registry.npmjs.org/ytsr/-/ytsr-3.3.1.tgz",
      "integrity": "sha512-OVFREa9GmtMlPhdSLLK30QX8JKf9Zy6xfBm6R/oJ2mjEaEmVC8vmE5C522lWNG553xZOZL4wkeTSPuFLZbo0PA==",
      "requires": {
        "miniget": "^4.2.0"
      }
    }
  }
}
