{
  "name": "microtube",
  "version": "1.0.0",
  "lockfileVersion": 2,
  "requires": true,
  "packages": {
    "": {
      "name": "microtube",
      "version": "1.0.0",
      "license": "ISC",
      "dependencies": {
        "@freetube/yt-comment-scraper": "^6.1.0",
        "@freetube/yt-trending-scraper": "^2.0.1",
        "yt-channel-info": "^3.0.0",
        "ytdl-core": "^4.11.0",
        "ytpl": "^2.3.0",
        "ytsr": "^3.8.0"
      }
    },
    "node_modules/@freetube/yt-comment-scraper": {
      "version": "6.1.0",
      "resolved": "https://registry.npmjs.org/@freetube/yt-comment-scraper/-/yt-comment-scraper-6.1.0.tgz",
      "integrity": "sha512-Cj6Of7DPkTH1ax1AcaOn0xul179YsnfaNNoH11lQ4xUxUrmtf70Qj04+FDI+7/O/qsOR3RMq1mreCvM6BQI6Aw==",
      "dependencies": {
        "axios": "^0.21.1"
      }
    },
    "node_modules/@freetube/yt-trending-scraper": {
      "version": "2.0.1",
      "resolved": "https://registry.npmjs.org/@freetube/yt-trending-scraper/-/yt-trending-scraper-2.0.1.tgz",
      "integrity": "sha512-8gIBMdQJdZejHJ4AuNfd7MhAgTyphQPz9aK62LlNmuDBGzOqWLxh6A1+Q9Gv3EinX/k3F7aCD4tdyJs3VXHLGg==",
      "dependencies": {
        "axios": "^0.21.1"
      }
    },
    "node_modules/axios": {
      "version": "0.21.4",
      "resolved": "https://registry.npmjs.org/axios/-/axios-0.21.4.tgz",
      "integrity": "sha512-ut5vewkiu8jjGBdqpM44XxjuCjq9LAKeHVmoVfHVzy8eHgxxq8SbAVQNovDA8mVi05kP0Ea/n/UzcSHcTJQfNg==",
      "dependencies": {
        "follow-redirects": "^1.14.0"
      }
    },
    "node_modules/follow-redirects": {
      "version": "1.15.1",
      "resolved": "https://registry.npmjs.org/follow-redirects/-/follow-redirects-1.15.1.tgz",
      "integrity": "sha512-yLAMQs+k0b2m7cVxpS1VKJVvoz7SS9Td1zss3XRwXj+ZDH00RJgnuLx7E44wx02kQLrdM3aOOy+FpzS7+8OizA==",
      "funding": [
        {
          "type": "individual",
          "url": "https://github.com/sponsors/RubenVerborgh"
        }
      ],
      "engines": {
        "node": ">=4.0"
      },
      "peerDependenciesMeta": {
        "debug": {
          "optional": true
        }
      }
    },
    "node_modules/m3u8stream": {
      "version": "0.8.6",
      "resolved": "https://registry.npmjs.org/m3u8stream/-/m3u8stream-0.8.6.tgz",
      "integrity": "sha512-LZj8kIVf9KCphiHmH7sbFQTVe4tOemb202fWwvJwR9W5ENW/1hxJN6ksAWGhQgSBSa3jyWhnjKU1Fw1GaOdbyA==",
      "dependencies": {
        "miniget": "^4.2.2",
        "sax": "^1.2.4"
      },
      "engines": {
        "node": ">=12"
      }
    },
    "node_modules/miniget": {
      "version": "4.2.2",
      "resolved": "https://registry.npmjs.org/miniget/-/miniget-4.2.2.tgz",
      "integrity": "sha512-a7voNL1N5lDMxvTMExOkg+Fq89jM2vY8pAi9ZEWzZtfNmdfP6RXkvUtFnCAXoCv2T9k1v/fUJVaAEuepGcvLYA==",
      "engines": {
        "node": ">=12"
      }
    },
    "node_modules/sax": {
      "version": "1.2.4",
      "resolved": "https://registry.npmjs.org/sax/-/sax-1.2.4.tgz",
      "integrity": "sha512-NqVDv9TpANUjFm0N8uM5GxL36UgKi9/atZw+x7YFnQ8ckwFGKrl4xX4yWtrey3UJm5nP1kUbnYgLopqWNSRhWw=="
    },
    "node_modules/yt-channel-info": {
      "version": "3.0.4",
      "resolved": "https://registry.npmjs.org/yt-channel-info/-/yt-channel-info-3.0.4.tgz",
      "integrity": "sha512-MdW3upNBfcws4uth8HFL0XymxlgmuTcCu3sleXSDJml8jLOKl0iiYJe//vT00F1OXGFzSVGfQrXqf29RzkMPKw==",
      "dependencies": {
        "axios": "^0.26.1"
      }
    },
    "node_modules/yt-channel-info/node_modules/axios": {
      "version": "0.26.1",
      "resolved": "https://registry.npmjs.org/axios/-/axios-0.26.1.tgz",
      "integrity": "sha512-fPwcX4EvnSHuInCMItEhAGnaSEXRBjtzh9fOtsE6E1G6p7vl7edEeZe11QHf18+6+9gR5PbKV/sGKNaD8YaMeA==",
      "dependencies": {
        "follow-redirects": "^1.14.8"
      }
    },
    "node_modules/ytdl-core": {
      "version": "4.11.0",
      "resolved": "https://registry.npmjs.org/ytdl-core/-/ytdl-core-4.11.0.tgz",
      "integrity": "sha512-Q3hCLiUA9AOGQXzPvno14GN+HgF9wsO1ZBHlj0COTcyxjIyFpWvMfii0UC4/cAbVaIjEdbWB71GdcGuc4J1Lmw==",
      "dependencies": {
        "m3u8stream": "^0.8.6",
        "miniget": "^4.2.2",
        "sax": "^1.1.3"
      },
      "engines": {
        "node": ">=12"
      }
    },
    "node_modules/ytpl": {
      "version": "2.3.0",
      "resolved": "https://registry.npmjs.org/ytpl/-/ytpl-2.3.0.tgz",
      "integrity": "sha512-Cfw2rxq3PFK6qgWr2Z8gsRefVahEzbn9XEuiJldqdXHE6GhO7kTfEvbZKdfXing1SmgW635uJ/UL2g8r0fvu2Q==",
      "dependencies": {
        "miniget": "^4.2.2"
      },
      "engines": {
        "node": ">=8"
      }
    },
    "node_modules/ytsr": {
      "version": "3.8.0",
      "resolved": "https://registry.npmjs.org/ytsr/-/ytsr-3.8.0.tgz",
      "integrity": "sha512-R+RfYXvBBMAr2e4OxrQ5SBv5x/Mdhmcj1Q8TH0f2HK5d2jbhHOtK4BdzPvLriA6MDoMwqqX04GD8Rpf9UNtSTg==",
      "dependencies": {
        "miniget": "^4.2.2"
      },
      "engines": {
        "node": ">=8"
      }
    }
  },
  "dependencies": {
    "@freetube/yt-comment-scraper": {
      "version": "6.1.0",
      "resolved": "https://registry.npmjs.org/@freetube/yt-comment-scraper/-/yt-comment-scraper-6.1.0.tgz",
      "integrity": "sha512-Cj6Of7DPkTH1ax1AcaOn0xul179YsnfaNNoH11lQ4xUxUrmtf70Qj04+FDI+7/O/qsOR3RMq1mreCvM6BQI6Aw==",
      "requires": {
        "axios": "^0.21.1"
      }
    },
    "@freetube/yt-trending-scraper": {
      "version": "2.0.1",
      "resolved": "https://registry.npmjs.org/@freetube/yt-trending-scraper/-/yt-trending-scraper-2.0.1.tgz",
      "integrity": "sha512-8gIBMdQJdZejHJ4AuNfd7MhAgTyphQPz9aK62LlNmuDBGzOqWLxh6A1+Q9Gv3EinX/k3F7aCD4tdyJs3VXHLGg==",
      "requires": {
        "axios": "^0.21.1"
      }
    },
    "axios": {
      "version": "0.21.4",
      "resolved": "https://registry.npmjs.org/axios/-/axios-0.21.4.tgz",
      "integrity": "sha512-ut5vewkiu8jjGBdqpM44XxjuCjq9LAKeHVmoVfHVzy8eHgxxq8SbAVQNovDA8mVi05kP0Ea/n/UzcSHcTJQfNg==",
      "requires": {
        "follow-redirects": "^1.14.0"
      }
    },
    "follow-redirects": {
      "version": "1.15.1",
      "resolved": "https://registry.npmjs.org/follow-redirects/-/follow-redirects-1.15.1.tgz",
      "integrity": "sha512-yLAMQs+k0b2m7cVxpS1VKJVvoz7SS9Td1zss3XRwXj+ZDH00RJgnuLx7E44wx02kQLrdM3aOOy+FpzS7+8OizA=="
    },
    "m3u8stream": {
      "version": "0.8.6",
      "resolved": "https://registry.npmjs.org/m3u8stream/-/m3u8stream-0.8.6.tgz",
      "integrity": "sha512-LZj8kIVf9KCphiHmH7sbFQTVe4tOemb202fWwvJwR9W5ENW/1hxJN6ksAWGhQgSBSa3jyWhnjKU1Fw1GaOdbyA==",
      "requires": {
        "miniget": "^4.2.2",
        "sax": "^1.2.4"
      }
    },
    "miniget": {
      "version": "4.2.2",
      "resolved": "https://registry.npmjs.org/miniget/-/miniget-4.2.2.tgz",
      "integrity": "sha512-a7voNL1N5lDMxvTMExOkg+Fq89jM2vY8pAi9ZEWzZtfNmdfP6RXkvUtFnCAXoCv2T9k1v/fUJVaAEuepGcvLYA=="
    },
    "sax": {
      "version": "1.2.4",
      "resolved": "https://registry.npmjs.org/sax/-/sax-1.2.4.tgz",
      "integrity": "sha512-NqVDv9TpANUjFm0N8uM5GxL36UgKi9/atZw+x7YFnQ8ckwFGKrl4xX4yWtrey3UJm5nP1kUbnYgLopqWNSRhWw=="
    },
    "yt-channel-info": {
      "version": "3.0.4",
      "resolved": "https://registry.npmjs.org/yt-channel-info/-/yt-channel-info-3.0.4.tgz",
      "integrity": "sha512-MdW3upNBfcws4uth8HFL0XymxlgmuTcCu3sleXSDJml8jLOKl0iiYJe//vT00F1OXGFzSVGfQrXqf29RzkMPKw==",
      "requires": {
        "axios": "^0.26.1"
      },
      "dependencies": {
        "axios": {
          "version": "0.26.1",
          "resolved": "https://registry.npmjs.org/axios/-/axios-0.26.1.tgz",
          "integrity": "sha512-fPwcX4EvnSHuInCMItEhAGnaSEXRBjtzh9fOtsE6E1G6p7vl7edEeZe11QHf18+6+9gR5PbKV/sGKNaD8YaMeA==",
          "requires": {
            "follow-redirects": "^1.14.8"
          }
        }
      }
    },
    "ytdl-core": {
      "version": "4.11.0",
      "resolved": "https://registry.npmjs.org/ytdl-core/-/ytdl-core-4.11.0.tgz",
      "integrity": "sha512-Q3hCLiUA9AOGQXzPvno14GN+HgF9wsO1ZBHlj0COTcyxjIyFpWvMfii0UC4/cAbVaIjEdbWB71GdcGuc4J1Lmw==",
      "requires": {
        "m3u8stream": "^0.8.6",
        "miniget": "^4.2.2",
        "sax": "^1.1.3"
      }
    },
    "ytpl": {
      "version": "2.3.0",
      "resolved": "https://registry.npmjs.org/ytpl/-/ytpl-2.3.0.tgz",
      "integrity": "sha512-Cfw2rxq3PFK6qgWr2Z8gsRefVahEzbn9XEuiJldqdXHE6GhO7kTfEvbZKdfXing1SmgW635uJ/UL2g8r0fvu2Q==",
      "requires": {
        "miniget": "^4.2.2"
      }
    },
    "ytsr": {
      "version": "3.8.0",
      "resolved": "https://registry.npmjs.org/ytsr/-/ytsr-3.8.0.tgz",
      "integrity": "sha512-R+RfYXvBBMAr2e4OxrQ5SBv5x/Mdhmcj1Q8TH0f2HK5d2jbhHOtK4BdzPvLriA6MDoMwqqX04GD8Rpf9UNtSTg==",
      "requires": {
        "miniget": "^4.2.2"
      }
    }
  }
}
